
Microsoft Visual Studio Solution File, Format Version 12.00
# Visual Studio 14
VisualStudioVersion = 14.0.25420.1
MinimumVisualStudioVersion = 10.0.40219.1
Project("{E24C65DC-7377-472B-9ABA-BC803B73C61A}") = "DowntownBigBand.github.io", ".", "{51709DEF-6153-4A56-8850-BB6A40CC6DAC}"
	ProjectSection(WebsiteProperties) = preProject
		TargetFrameworkMoniker = ".NETFramework,Version%3Dv4.0"
		Debug.AspNetCompiler.VirtualPath = "/localhost_57592"
		Debug.AspNetCompiler.PhysicalPath = "..\DowntownBigBand.github.io\"
		Debug.AspNetCompiler.TargetPath = "PrecompiledWeb\localhost_57592\"
		Debug.AspNetCompiler.Updateable = "true"
		Debug.AspNetCompiler.ForceOverwrite = "true"
		Debug.AspNetCompiler.FixedNames = "false"
		Debug.AspNetCompiler.Debug = "True"
		Release.AspNetCompiler.VirtualPath = "/localhost_57592"
		Release.AspNetCompiler.PhysicalPath = "..\DowntownBigBand.github.io\"
		Release.AspNetCompiler.TargetPath = "PrecompiledWeb\localhost_57592\"
		Release.AspNetCompiler.Updateable = "true"
		Release.AspNetCompiler.ForceOverwrite = "true"
		Release.AspNetCompiler.FixedNames = "false"
		Release.AspNetCompiler.Debug = "False"
		VWDPort = "57592"
		SlnRelativePath = "..\DowntownBigBand.github.io\"
	EndProjectSection
EndProject
Global
	GlobalSection(SolutionConfigurationPlatforms) = preSolution
		Debug|Any CPU = Debug|Any CPU
	EndGlobalSection
	GlobalSection(ProjectConfigurationPlatforms) = postSolution
		{51709DEF-6153-4A56-8850-BB6A40CC6DAC}.Debug|Any CPU.ActiveCfg = Debug|Any CPU
		{51709DEF-6153-4A56-8850-BB6A40CC6DAC}.Debug|Any CPU.Build.0 = Debug|Any CPU
	EndGlobalSection
	GlobalSection(SolutionProperties) = preSolution
		HideSolutionNode = FALSE
	EndGlobalSection
EndGlobal
